
Microsoft Visual Studio Solution File, Format Version 12.00
# Visual Studio Version 17
VisualStudioVersion = 17.7.33927.210
MinimumVisualStudioVersion = 10.0.40219.1
Project("{2150E333-8FDC-42A3-9474-1A3956D46DE8}") = "ChainOfResponsibilityDesignPattern", "ChainOfResponsibilityDesignPattern", "{C5D4B723-6633-435F-809F-931C3A6DFBB9}"
EndProject
Project("{9A19103F-16F7-4668-BE54-9A1E7A4F7556}") = "DesignPattern.ChainOfResponsibility", "ChainOfResponsibilityDesignPattern\DesignPattern.ChainOfResponsibility\DesignPattern.ChainOfResponsibility.csproj", "{379F283A-FB46-4CA7-A948-C09904A68A00}"
EndProject
Project("{2150E333-8FDC-42A3-9474-1A3956D46DE8}") = "CQRSDesignPattern", "CQRSDesignPattern", "{2C8F73F6-2242-42B9-A365-464026006CC6}"
EndProject
Project("{9A19103F-16F7-4668-BE54-9A1E7A4F7556}") = "DesignPattern.CQRS", "CQRSDesignPattern\DesignPattern.CQRS\DesignPattern.CQRS.csproj", "{7461B921-ED28-4A3F-B169-38D46EFC077D}"
EndProject
Project("{2150E333-8FDC-42A3-9474-1A3956D46DE8}") = "TemplateMethodDesignPattern", "TemplateMethodDesignPattern", "{51F413F1-E20F-47B3-A07B-B471B2ABF8B6}"
EndProject
Project("{FAE04EC0-301F-11D3-BF4B-00C04F79EFBC}") = "DesignPattern.TemplateMethod", "TemplateMethodDesignPattern\DesignPattern.TemplateMethod\DesignPattern.TemplateMethod.csproj", "{B00FFAB1-9E53-4CED-944A-9F5092B39855}"
EndProject
Global
	GlobalSection(SolutionConfigurationPlatforms) = preSolution
		Debug|Any CPU = Debug|Any CPU
		Release|Any CPU = Release|Any CPU
	EndGlobalSection
	GlobalSection(ProjectConfigurationPlatforms) = postSolution
		{379F283A-FB46-4CA7-A948-C09904A68A00}.Debug|Any CPU.ActiveCfg = Debug|Any CPU
		{379F283A-FB46-4CA7-A948-C09904A68A00}.Debug|Any CPU.Build.0 = Debug|Any CPU
		{379F283A-FB46-4CA7-A948-C09904A68A00}.Release|Any CPU.ActiveCfg = Release|Any CPU
		{379F283A-FB46-4CA7-A948-C09904A68A00}.Release|Any CPU.Build.0 = Release|Any CPU
		{7461B921-ED28-4A3F-B169-38D46EFC077D}.Debug|Any CPU.ActiveCfg = Debug|Any CPU
		{7461B921-ED28-4A3F-B169-38D46EFC077D}.Debug|Any CPU.Build.0 = Debug|Any CPU
		{7461B921-ED28-4A3F-B169-38D46EFC077D}.Release|Any CPU.ActiveCfg = Release|Any CPU
		{7461B921-ED28-4A3F-B169-38D46EFC077D}.Release|Any CPU.Build.0 = Release|Any CPU
		{B00FFAB1-9E53-4CED-944A-9F5092B39855}.Debug|Any CPU.ActiveCfg = Debug|Any CPU
		{B00FFAB1-9E53-4CED-944A-9F5092B39855}.Debug|Any CPU.Build.0 = Debug|Any CPU
		{B00FFAB1-9E53-4CED-944A-9F5092B39855}.Release|Any CPU.ActiveCfg = Release|Any CPU
		{B00FFAB1-9E53-4CED-944A-9F5092B39855}.Release|Any CPU.Build.0 = Release|Any CPU
	EndGlobalSection
	GlobalSection(SolutionProperties) = preSolution
		HideSolutionNode = FALSE
	EndGlobalSection
	GlobalSection(NestedProjects) = preSolution
		{379F283A-FB46-4CA7-A948-C09904A68A00} = {C5D4B723-6633-435F-809F-931C3A6DFBB9}
		{7461B921-ED28-4A3F-B169-38D46EFC077D} = {2C8F73F6-2242-42B9-A365-464026006CC6}
		{B00FFAB1-9E53-4CED-944A-9F5092B39855} = {51F413F1-E20F-47B3-A07B-B471B2ABF8B6}
	EndGlobalSection
	GlobalSection(ExtensibilityGlobals) = postSolution
		SolutionGuid = {09255A3E-2AC7-4F33-9E14-6450E8844B5C}
	EndGlobalSection
EndGlobal
